
Microsoft Visual Studio Solution File, Format Version 12.00
# Visual Studio Version 17
VisualStudioVersion = 17.8.34330.188
MinimumVisualStudioVersion = 10.0.40219.1
Project("{FAE04EC0-301F-11D3-BF4B-00C04F79EFBC}") = "Simplex", "Simplex\Simplex.csproj", "{43770495-3CB5-41EB-AD8A-2786DDE59942}"
EndProject
Global
	GlobalSection(SolutionConfigurationPlatforms) = preSolution
		Debug|Any CPU = Debug|Any CPU
		Release|Any CPU = Release|Any CPU
	EndGlobalSection
	GlobalSection(ProjectConfigurationPlatforms) = postSolution
		{43770495-3CB5-41EB-AD8A-2786DDE59942}.Debug|Any CPU.ActiveCfg = Debug|Any CPU
		{43770495-3CB5-41EB-AD8A-2786DDE59942}.Debug|Any CPU.Build.0 = Debug|Any CPU
		{43770495-3CB5-41EB-AD8A-2786DDE59942}.Release|Any CPU.ActiveCfg = Release|Any CPU
		{43770495-3CB5-41EB-AD8A-2786DDE59942}.Release|Any CPU.Build.0 = Release|Any CPU
	EndGlobalSection
	GlobalSection(SolutionProperties) = preSolution
		HideSolutionNode = FALSE
	EndGlobalSection
	GlobalSection(ExtensibilityGlobals) = postSolution
		SolutionGuid = {2791DBBF-474C-4560-B68E-8320D78E9D56}
	EndGlobalSection
EndGlobal
